
Microsoft Visual Studio Solution File, Format Version 12.00
# Visual Studio 2012
Project("{FAE04EC0-301F-11D3-BF4B-00C04F79EFBC}") = "DirectConsumer2", "DirectConsumer2\DirectConsumer2.csproj", "{CBBA5E55-66E9-4699-A103-BD46EEAAFF53}"
EndProject
Global
	GlobalSection(SolutionConfigurationPlatforms) = preSolution
		Debug|Any CPU = Debug|Any CPU
		Release|Any CPU = Release|Any CPU
	EndGlobalSection
	GlobalSection(ProjectConfigurationPlatforms) = postSolution
		{CBBA5E55-66E9-4699-A103-BD46EEAAFF53}.Debug|Any CPU.ActiveCfg = Debug|Any CPU
		{CBBA5E55-66E9-4699-A103-BD46EEAAFF53}.Debug|Any CPU.Build.0 = Debug|Any CPU
		{CBBA5E55-66E9-4699-A103-BD46EEAAFF53}.Release|Any CPU.ActiveCfg = Release|Any CPU
		{CBBA5E55-66E9-4699-A103-BD46EEAAFF53}.Release|Any CPU.Build.0 = Release|Any CPU
	EndGlobalSection
	GlobalSection(SolutionProperties) = preSolution
		HideSolutionNode = FALSE
	EndGlobalSection
EndGlobal
