
Microsoft Visual Studio Solution File, Format Version 12.00
# Visual Studio 2012
Project("{FAE04EC0-301F-11D3-BF4B-00C04F79EFBC}") = "FanoutConsumer1", "FanoutConsumer1\FanoutConsumer1.csproj", "{FDB298C1-6FF8-4B16-A150-634326B2762C}"
EndProject
Global
	GlobalSection(SolutionConfigurationPlatforms) = preSolution
		Debug|Any CPU = Debug|Any CPU
		Release|Any CPU = Release|Any CPU
	EndGlobalSection
	GlobalSection(ProjectConfigurationPlatforms) = postSolution
		{FDB298C1-6FF8-4B16-A150-634326B2762C}.Debug|Any CPU.ActiveCfg = Debug|Any CPU
		{FDB298C1-6FF8-4B16-A150-634326B2762C}.Debug|Any CPU.Build.0 = Debug|Any CPU
		{FDB298C1-6FF8-4B16-A150-634326B2762C}.Release|Any CPU.ActiveCfg = Release|Any CPU
		{FDB298C1-6FF8-4B16-A150-634326B2762C}.Release|Any CPU.Build.0 = Release|Any CPU
	EndGlobalSection
	GlobalSection(SolutionProperties) = preSolution
		HideSolutionNode = FALSE
	EndGlobalSection
EndGlobal
